{
  "nodes": {
    "brew-src": {
      "flake": false,
      "locked": {
        "lastModified": 1761551821,
        "narHash": "sha256-N3Zj73TAxclhLGgADbPVwcVrhYIBKUgAxjfQuOXre6s=",
        "owner": "Homebrew",
        "repo": "brew",
        "rev": "8f6719274133c5bcc24c058c5a6bcbb3b0cd48b3",
        "type": "github"
      },
      "original": {
        "owner": "Homebrew",
        "ref": "4.6.19",
        "repo": "brew",
        "type": "github"
      }
    },
    "home-manager": {
      "inputs": {
        "nixpkgs": [
          "nixpkgs"
        ]
      },
      "locked": {
        "lastModified": 1758463745,
        "narHash": "sha256-uhzsV0Q0I9j2y/rfweWeGif5AWe0MGrgZ/3TjpDYdGA=",
        "owner": "nix-community",
        "repo": "home-manager",
        "rev": "3b955f5f0a942f9f60cdc9cacb7844335d0f21c3",
        "type": "github"
      },
      "original": {
        "owner": "nix-community",
        "ref": "release-25.05",
        "repo": "home-manager",
        "type": "github"
      }
    },
    "homebrew-cask": {
      "flake": false,
      "locked": {
        "lastModified": 1763924579,
        "narHash": "sha256-ehFGSodMfgnqahTZ2AZnys94cWsjBwMRAfibIlbvcHQ=",
        "owner": "homebrew",
        "repo": "homebrew-cask",
        "rev": "f41f5999ab3fedfe23943094f132d1c65b7b3cf2",
        "type": "github"
      },
      "original": {
        "owner": "homebrew",
        "repo": "homebrew-cask",
        "type": "github"
      }
    },
    "homebrew-core": {
      "flake": false,
      "locked": {
        "lastModified": 1763921981,
        "narHash": "sha256-id2uitkZGmNfx8u5jFyu8lvEhMLxln9VwQXYrWYsouM=",
        "owner": "homebrew",
        "repo": "homebrew-core",
        "rev": "0ba78bb74f4189543d4c9b78478c1ae6ea71f0bd",
        "type": "github"
      },
      "original": {
        "owner": "homebrew",
        "repo": "homebrew-core",
        "type": "github"
      }
    },
    "nix-darwin": {
      "inputs": {
        "nixpkgs": [
          "nixpkgs"
        ]
      },
      "locked": {
        "lastModified": 1762912391,
        "narHash": "sha256-4hpBE7bGd24SfD28rzMdUGXsLsNEYxCCrTipFdoqoNM=",
        "owner": "nix-darwin",
        "repo": "nix-darwin",
        "rev": "d76299b2cd01837c4c271a7b5186e3d5d8ebd126",
        "type": "github"
      },
      "original": {
        "owner": "nix-darwin",
        "ref": "nix-darwin-25.05",
        "repo": "nix-darwin",
        "type": "github"
      }
    },
    "nix-homebrew": {
      "inputs": {
        "brew-src": "brew-src"
      },
      "locked": {
        "lastModified": 1761927470,
        "narHash": "sha256-KsFDGRGD8j1R6TvJ4HkebKsh3HXLY0XazanLrhO3wqE=",
        "owner": "zhaofengli",
        "repo": "nix-homebrew",
        "rev": "3cae36b3a17b09a66435291619dce8cf2c4728ca",
        "type": "github"
      },
      "original": {
        "owner": "zhaofengli",
        "repo": "nix-homebrew",
        "type": "github"
      }
    },
    "nixpkgs": {
      "locked": {
        "lastModified": 1763622513,
        "narHash": "sha256-1jQnuyu82FpiSxowrF/iFK6Toh9BYprfDqfs4BB+19M=",
        "owner": "NixOS",
        "repo": "nixpkgs",
        "rev": "c58bc7f5459328e4afac201c5c4feb7c818d604b",
        "type": "github"
      },
      "original": {
        "id": "nixpkgs",
        "ref": "nixos-25.05",
        "type": "indirect"
      }
    },
    "nixpkgs-cursor-cli": {
      "locked": {
        "lastModified": 1769327785,
        "narHash": "sha256-Y6afnXmNwre10rWPo9+0wFNjaYP5SJn07pfjaS4O32o=",
        "owner": "r-ryantm",
        "repo": "nixpkgs",
        "rev": "2a183a43a5eaf751d63399a88ce5df2d0e40072d",
        "type": "github"
      },
      "original": {
        "owner": "r-ryantm",
        "ref": "auto-update/cursor-cli",
        "repo": "nixpkgs",
        "type": "github"
      }
    },
    "nixpkgs-unstable": {
      "locked": {
        "lastModified": 1771008912,
        "narHash": "sha256-gf2AmWVTs8lEq7z/3ZAsgnZDhWIckkb+ZnAo5RzSxJg=",
        "owner": "NixOS",
        "repo": "nixpkgs",
        "rev": "a82ccc39b39b621151d6732718e3e250109076fa",
        "type": "github"
      },
      "original": {
        "id": "nixpkgs",
        "ref": "nixos-unstable",
        "type": "indirect"
      }
    },
    "plasma-manager": {
      "inputs": {
        "home-manager": [
          "home-manager"
        ],
        "nixpkgs": [
          "nixpkgs"
        ]
      },
      "locked": {
        "lastModified": 1767662275,
        "narHash": "sha256-d5Q1GmQ+sW1Bt8cgDE0vOihzLaswsm8cSdg8124EqXE=",
        "owner": "nix-community",
        "repo": "plasma-manager",
        "rev": "51816be33a1ff0d4b22427de83222d5bfa96d30e",
        "type": "github"
      },
      "original": {
        "owner": "nix-community",
        "repo": "plasma-manager",
        "type": "github"
      }
    },
    "root": {
      "inputs": {
        "home-manager": "home-manager",
        "homebrew-cask": "homebrew-cask",
        "homebrew-core": "homebrew-core",
        "nix-darwin": "nix-darwin",
        "nix-homebrew": "nix-homebrew",
        "nixpkgs": "nixpkgs",
        "nixpkgs-cursor-cli": "nixpkgs-cursor-cli",
        "nixpkgs-unstable": "nixpkgs-unstable",
        "plasma-manager": "plasma-manager",
        "sops-nix": "sops-nix"
      }
    },
    "sops-nix": {
      "inputs": {
        "nixpkgs": [
          "nixpkgs"
        ]
      },
      "locked": {
        "lastModified": 1763870012,
        "narHash": "sha256-AHxFfIu73SpNLAOZbu/AvpLhZ/Szhx6gRPj9ufZtaZA=",
        "owner": "Mic92",
        "repo": "sops-nix",
        "rev": "4e7d74d92398b933cc0e0e25af5b0836efcfdde3",
        "type": "github"
      },
      "original": {
        "owner": "Mic92",
        "repo": "sops-nix",
        "type": "github"
      }
    }
  },
  "root": "root",
  "version": 7
}
